// !$*UTF8*$!
{
	archiveVersion = 1;
	classes = {
	};
	objectVersion = 46;
	objects = {

/* Begin PBXBuildFile section */
		F6B6F84D1BB147050044E396 /* AppDelegate.swift in Sources */ = {isa = PBXBuildFile; fileRef = F6B6F84C1BB147050044E396 /* AppDelegate.swift */; };
		F6B6F84F1BB147060044E396 /* ViewController.swift in Sources */ = {isa = PBXBuildFile; fileRef = F6B6F84E1BB147060044E396 /* ViewController.swift */; };
		F6B6F8521BB147060044E396 /* Main.storyboard in Resources */ = {isa = PBXBuildFile; fileRef = F6B6F8501BB147060044E396 /* Main.storyboard */; };
		F6B6F8541BB147060044E396 /* Assets.xcassets in Resources */ = {isa = PBXBuildFile; fileRef = F6B6F8531BB147060044E396 /* Assets.xcassets */; };
		F6B6F8571BB147060044E396 /* LaunchScreen.storyboard in Resources */ = {isa = PBXBuildFile; fileRef = F6B6F8551BB147060044E396 /* LaunchScreen.storyboard */; };
		F6B6F8621BB147060044E396 /* logTests.swift in Sources */ = {isa = PBXBuildFile; fileRef = F6B6F8611BB147060044E396 /* logTests.swift */; };
		F6B6F86D1BB147060044E396 /* logUITests.swift in Sources */ = {isa = PBXBuildFile; fileRef = F6B6F86C1BB147060044E396 /* logUITests.swift */; };
/* End PBXBuildFile section */

/* Begin PBXContainerItemProxy section */
		F6B6F85E1BB147060044E396 /* PBXContainerItemProxy */ = {
			isa = PBXContainerItemProxy;
			containerPortal = F6B6F8411BB147050044E396 /* Project object */;
			proxyType = 1;
			remoteGlobalIDString = F6B6F8481BB147050044E396;
			remoteInfo = log;
		};
		F6B6F8691BB147060044E396 /* PBXContainerItemProxy */ = {
			isa = PBXContainerItemProxy;
			containerPortal = F6B6F8411BB147050044E396 /* Project object */;
			proxyType = 1;
			remoteGlobalIDString = F6B6F8481BB147050044E396;
			remoteInfo = log;
		};
/* End PBXContainerItemProxy section */

/* Begin PBXFileReference section */
		F6B6F8491BB147050044E396 /* log.app */ = {isa = PBXFileReference; explicitFileType = wrapper.application; includeInIndex = 0; path = log.app; sourceTree = BUILT_PRODUCTS_DIR; };
		F6B6F84C1BB147050044E396 /* AppDelegate.swift */ = {isa = PBXFileReference; lastKnownFileType = sourcecode.swift; path = AppDelegate.swift; sourceTree = "<group>"; };
		F6B6F84E1BB147060044E396 /* ViewController.swift */ = {isa = PBXFileReference; lastKnownFileType = sourcecode.swift; path = ViewController.swift; sourceTree = "<group>"; };
		F6B6F8511BB147060044E396 /* Base */ = {isa = PBXFileReference; lastKnownFileType = file.storyboard; name = Base; path = Base.lproj/Main.storyboard; sourceTree = "<group>"; };
		F6B6F8531BB147060044E396 /* Assets.xcassets */ = {isa = PBXFileReference; lastKnownFileType = folder.assetcatalog; path = Assets.xcassets; sourceTree = "<group>"; };
		F6B6F8561BB147060044E396 /* Base */ = {isa = PBXFileReference; lastKnownFileType = file.storyboard; name = Base; path = Base.lproj/LaunchScreen.storyboard; sourceTree = "<group>"; };
		F6B6F8581BB147060044E396 /* Info.plist */ = {isa = PBXFileReference; lastKnownFileType = text.plist.xml; path = Info.plist; sourceTree = "<group>"; };
		F6B6F85D1BB147060044E396 /* logTests.xctest */ = {isa = PBXFileReference; explicitFileType = wrapper.cfbundle; includeInIndex = 0; path = logTests.xctest; sourceTree = BUILT_PRODUCTS_DIR; };
		F6B6F8611BB147060044E396 /* logTests.swift */ = {isa = PBXFileReference; lastKnownFileType = sourcecode.swift; path = logTests.swift; sourceTree = "<group>"; };
		F6B6F8631BB147060044E396 /* Info.plist */ = {isa = PBXFileReference; lastKnownFileType = text.plist.xml; path = Info.plist; sourceTree = "<group>"; };
		F6B6F8681BB147060044E396 /* logUITests.xctest */ = {isa = PBXFileReference; explicitFileType = wrapper.cfbundle; includeInIndex = 0; path = logUITests.xctest; sourceTree = BUILT_PRODUCTS_DIR; };
		F6B6F86C1BB147060044E396 /* logUITests.swift */ = {isa = PBXFileReference; lastKnownFileType = sourcecode.swift; path = logUITests.swift; sourceTree = "<group>"; };
		F6B6F86E1BB147060044E396 /* Info.plist */ = {isa = PBXFileReference; lastKnownFileType = text.plist.xml; path = Info.plist; sourceTree = "<group>"; };
/* End PBXFileReference section */

/* Begin PBXFrameworksBuildPhase section */
		F6B6F8461BB147050044E396 /* Frameworks */ = {
			isa = PBXFrameworksBuildPhase;
			buildActionMask = 2147483647;
			files = (
			);
			runOnlyForDeploymentPostprocessing = 0;
		};
		F6B6F85A1BB147060044E396 /* Frameworks */ = {
			isa = PBXFrameworksBuildPhase;
			buildActionMask = 2147483647;
			files = (
			);
			runOnlyForDeploymentPostprocessing = 0;
		};
		F6B6F8651BB147060044E396 /* Frameworks */ = {
			isa = PBXFrameworksBuildPhase;
			buildActionMask = 2147483647;
			files = (
			);
			runOnlyForDeploymentPostprocessing = 0;
		};
/* End PBXFrameworksBuildPhase section */

/* Begin PBXGroup section */
		F6B6F8401BB147050044E396 = {
			isa = PBXGroup;
			children = (
				F6B6F84B1BB147050044E396 /* log */,
				F6B6F8601BB147060044E396 /* logTests */,
				F6B6F86B1BB147060044E396 /* logUITests */,
				F6B6F84A1BB147050044E396 /* Products */,
			);
			sourceTree = "<group>";
		};
		F6B6F84A1BB147050044E396 /* Products */ = {
			isa = PBXGroup;
			children = (
				F6B6F8491BB147050044E396 /* log.app */,
				F6B6F85D1BB147060044E396 /* logTests.xctest */,
				F6B6F8681BB147060044E396 /* logUITests.xctest */,
			);
			name = Products;
			sourceTree = "<group>";
		};
		F6B6F84B1BB147050044E396 /* log */ = {
			isa = PBXGroup;
			children = (
				F6B6F84C1BB147050044E396 /* AppDelegate.swift */,
				F6B6F84E1BB147060044E396 /* ViewController.swift */,
				F6B6F8501BB147060044E396 /* Main.storyboard */,
				F6B6F8531BB147060044E396 /* Assets.xcassets */,
				F6B6F8551BB147060044E396 /* LaunchScreen.storyboard */,
				F6B6F8581BB147060044E396 /* Info.plist */,
			);
			path = log;
			sourceTree = "<group>";
		};
		F6B6F8601BB147060044E396 /* logTests */ = {
			isa = PBXGroup;
			children = (
				F6B6F8611BB147060044E396 /* logTests.swift */,
				F6B6F8631BB147060044E396 /* Info.plist */,
			);
			path = logTests;
			sourceTree = "<group>";
		};
		F6B6F86B1BB147060044E396 /* logUITests */ = {
			isa = PBXGroup;
			children = (
				F6B6F86C1BB147060044E396 /* logUITests.swift */,
				F6B6F86E1BB147060044E396 /* Info.plist */,
			);
			path = logUITests;
			sourceTree = "<group>";
		};
/* End PBXGroup section */

/* Begin PBXNativeTarget section */
		F6B6F8481BB147050044E396 /* log */ = {
			isa = PBXNativeTarget;
			buildConfigurationList = F6B6F8711BB147060044E396 /* Build configuration list for PBXNativeTarget "log" */;
			buildPhases = (
				F6B6F8451BB147050044E396 /* Sources */,
				F6B6F8461BB147050044E396 /* Frameworks */,
				F6B6F8471BB147050044E396 /* Resources */,
			);
			buildRules = (
			);
			dependencies = (
			);
			name = log;
			productName = log;
			productReference = F6B6F8491BB147050044E396 /* log.app */;
			productType = "com.apple.product-type.application";
		};
		F6B6F85C1BB147060044E396 /* logTests */ = {
			isa = PBXNativeTarget;
			buildConfigurationList = F6B6F8741BB147060044E396 /* Build configuration list for PBXNativeTarget "logTests" */;
			buildPhases = (
				F6B6F8591BB147060044E396 /* Sources */,
				F6B6F85A1BB147060044E396 /* Frameworks */,
				F6B6F85B1BB147060044E396 /* Resources */,
			);
			buildRules = (
			);
			dependencies = (
				F6B6F85F1BB147060044E396 /* PBXTargetDependency */,
			);
			name = logTests;
			productName = logTests;
			productReference = F6B6F85D1BB147060044E396 /* logTests.xctest */;
			productType = "com.apple.product-type.bundle.unit-test";
		};
		F6B6F8671BB147060044E396 /* logUITests */ = {
			isa = PBXNativeTarget;
			buildConfigurationList = F6B6F8771BB147060044E396 /* Build configuration list for PBXNativeTarget "logUITests" */;
			buildPhases = (
				F6B6F8641BB147060044E396 /* Sources */,
				F6B6F8651BB147060044E396 /* Frameworks */,
				F6B6F8661BB147060044E396 /* Resources */,
			);
			buildRules = (
			);
			dependencies = (
				F6B6F86A1BB147060044E396 /* PBXTargetDependency */,
			);
			name = logUITests;
			productName = logUITests;
			productReference = F6B6F8681BB147060044E396 /* logUITests.xctest */;
			productType = "com.apple.product-type.bundle.ui-testing";
		};
/* End PBXNativeTarget section */

/* Begin PBXProject section */
		F6B6F8411BB147050044E396 /* Project object */ = {
			isa = PBXProject;
			attributes = {
				LastUpgradeCheck = 0700;
				ORGANIZATIONNAME = "李昊";
				TargetAttributes = {
					F6B6F8481BB147050044E396 = {
						CreatedOnToolsVersion = 7.0;
						DevelopmentTeam = DYM2PN5E57;
					};
					F6B6F85C1BB147060044E396 = {
						CreatedOnToolsVersion = 7.0;
						DevelopmentTeam = DYM2PN5E57;
						TestTargetID = F6B6F8481BB147050044E396;
					};
					F6B6F8671BB147060044E396 = {
						CreatedOnToolsVersion = 7.0;
						DevelopmentTeam = DYM2PN5E57;
						TestTargetID = F6B6F8481BB147050044E396;
					};
				};
			};
			buildConfigurationList = F6B6F8441BB147050044E396 /* Build configuration list for PBXProject "log" */;
			compatibilityVersion = "Xcode 3.2";
			developmentRegion = English;
			hasScannedForEncodings = 0;
			knownRegions = (
				en,
				Base,
			);
			mainGroup = F6B6F8401BB147050044E396;
			productRefGroup = F6B6F84A1BB147050044E396 /* Products */;
			projectDirPath = "";
			projectRoot = "";
			targets = (
				F6B6F8481BB147050044E396 /* log */,
				F6B6F85C1BB147060044E396 /* logTests */,
				F6B6F8671BB147060044E396 /* logUITests */,
			);
		};
/* End PBXProject section */

/* Begin PBXResourcesBuildPhase section */
		F6B6F8471BB147050044E396 /* Resources */ = {
			isa = PBXResourcesBuildPhase;
			buildActionMask = 2147483647;
			files = (
				F6B6F8571BB147060044E396 /* LaunchScreen.storyboard in Resources */,
				F6B6F8541BB147060044E396 /* Assets.xcassets in Resources */,
				F6B6F8521BB147060044E396 /* Main.storyboard in Resources */,
			);
			runOnlyForDeploymentPostprocessing = 0;
		};
		F6B6F85B1BB147060044E396 /* Resources */ = {
			isa = PBXResourcesBuildPhase;
			buildActionMask = 2147483647;
			files = (
			);
			runOnlyForDeploymentPostprocessing = 0;
		};
		F6B6F8661BB147060044E396 /* Resources */ = {
			isa = PBXResourcesBuildPhase;
			buildActionMask = 2147483647;
			files = (
			);
			runOnlyForDeploymentPostprocessing = 0;
		};
/* End PBXResourcesBuildPhase section */

/* Begin PBXSourcesBuildPhase section */
		F6B6F8451BB147050044E396 /* Sources */ = {
			isa = PBXSourcesBuildPhase;
			buildActionMask = 2147483647;
			files = (
				F6B6F84F1BB147060044E396 /* ViewController.swift in Sources */,
				F6B6F84D1BB147050044E396 /* AppDelegate.swift in Sources */,
			);
			runOnlyForDeploymentPostprocessing = 0;
		};
		F6B6F8591BB147060044E396 /* Sources */ = {
			isa = PBXSourcesBuildPhase;
			buildActionMask = 2147483647;
			files = (
				F6B6F8621BB147060044E396 /* logTests.swift in Sources */,
			);
			runOnlyForDeploymentPostprocessing = 0;
		};
		F6B6F8641BB147060044E396 /* Sources */ = {
			isa = PBXSourcesBuildPhase;
			buildActionMask = 2147483647;
			files = (
				F6B6F86D1BB147060044E396 /* logUITests.swift in Sources */,
			);
			runOnlyForDeploymentPostprocessing = 0;
		};
/* End PBXSourcesBuildPhase section */

/* Begin PBXTargetDependency section */
		F6B6F85F1BB147060044E396 /* PBXTargetDependency */ = {
			isa = PBXTargetDependency;
			target = F6B6F8481BB147050044E396 /* log */;
			targetProxy = F6B6F85E1BB147060044E396 /* PBXContainerItemProxy */;
		};
		F6B6F86A1BB147060044E396 /* PBXTargetDependency */ = {
			isa = PBXTargetDependency;
			target = F6B6F8481BB147050044E396 /* log */;
			targetProxy = F6B6F8691BB147060044E396 /* PBXContainerItemProxy */;
		};
/* End PBXTargetDependency section */

/* Begin PBXVariantGroup section */
		F6B6F8501BB147060044E396 /* Main.storyboard */ = {
			isa = PBXVariantGroup;
			children = (
				F6B6F8511BB147060044E396 /* Base */,
			);
			name = Main.storyboard;
			sourceTree = "<group>";
		};
		F6B6F8551BB147060044E396 /* LaunchScreen.storyboard */ = {
			isa = PBXVariantGroup;
			children = (
				F6B6F8561BB147060044E396 /* Base */,
			);
			name = LaunchScreen.storyboard;
			sourceTree = "<group>";
		};
/* End PBXVariantGroup section */

/* Begin XCBuildConfiguration section */
		F6B6F86F1BB147060044E396 /* Debug */ = {
			isa = XCBuildConfiguration;
			buildSettings = {
				ALWAYS_SEARCH_USER_PATHS = NO;
				CLANG_CXX_LANGUAGE_STANDARD = "gnu++0x";
				CLANG_CXX_LIBRARY = "libc++";
				CLANG_ENABLE_MODULES = YES;
				CLANG_ENABLE_OBJC_ARC = YES;
				CLANG_WARN_BOOL_CONVERSION = YES;
				CLANG_WARN_CONSTANT_CONVERSION = YES;
				CLANG_WARN_DIRECT_OBJC_ISA_USAGE = YES_ERROR;
				CLANG_WARN_EMPTY_BODY = YES;
				CLANG_WARN_ENUM_CONVERSION = YES;
				CLANG_WARN_INT_CONVERSION = YES;
				CLANG_WARN_OBJC_ROOT_CLASS = YES_ERROR;
				CLANG_WARN_UNREACHABLE_CODE = YES;
				CLANG_WARN__DUPLICATE_METHOD_MATCH = YES;
				"CODE_SIGN_IDENTITY[sdk=iphoneos*]" = "iPhone Developer";
				COPY_PHASE_STRIP = NO;
				DEBUG_INFORMATION_FORMAT = dwarf;
				ENABLE_STRICT_OBJC_MSGSEND = YES;
				ENABLE_TESTABILITY = YES;
				GCC_C_LANGUAGE_STANDARD = gnu99;
				GCC_DYNAMIC_NO_PIC = NO;
				GCC_NO_COMMON_BLOCKS = YES;
				GCC_OPTIMIZATION_LEVEL = 0;
				GCC_PREPROCESSOR_DEFINITIONS = (
					"DEBUG=1",
					"$(inherited)",
				);
				GCC_WARN_64_TO_32_BIT_CONVERSION = YES;
				GCC_WARN_ABOUT_RETURN_TYPE = YES_ERROR;
				GCC_WARN_UNDECLARED_SELECTOR = YES;
				GCC_WARN_UNINITIALIZED_AUTOS = YES_AGGRESSIVE;
				GCC_WARN_UNUSED_FUNCTION = YES;
				GCC_WARN_UNUSED_VARIABLE = YES;
				IPHONEOS_DEPLOYMENT_TARGET = 9.0;
				MTL_ENABLE_DEBUG_INFO = YES;
				ONLY_ACTIVE_ARCH = YES;
				SDKROOT = iphoneos;
				SWIFT_OPTIMIZATION_LEVEL = "-Onone";
			};
			name = Debug;
		};
		F6B6F8701BB147060044E396 /* Release */ = {
			isa = XCBuildConfiguration;
			buildSettings = {
				ALWAYS_SEARCH_USER_PATHS = NO;
				CLANG_CXX_LANGUAGE_STANDARD = "gnu++0x";
				CLANG_CXX_LIBRARY = "libc++";
				CLANG_ENABLE_MODULES = YES;
				CLANG_ENABLE_OBJC_ARC = YES;
				CLANG_WARN_BOOL_CONVERSION = YES;
				CLANG_WARN_CONSTANT_CONVERSION = YES;
				CLANG_WARN_DIRECT_OBJC_ISA_USAGE = YES_ERROR;
				CLANG_WARN_EMPTY_BODY = YES;
				CLANG_WARN_ENUM_CONVERSION = YES;
				CLANG_WARN_INT_CONVERSION = YES;
				CLANG_WARN_OBJC_ROOT_CLASS = YES_ERROR;
				CLANG_WARN_UNREACHABLE_CODE = YES;
				CLANG_WARN__DUPLICATE_METHOD_MATCH = YES;
				"CODE_SIGN_IDENTITY[sdk=iphoneos*]" = "iPhone Developer";
				COPY_PHASE_STRIP = NO;
				DEBUG_INFORMATION_FORMAT = "dwarf-with-dsym";
				ENABLE_NS_ASSERTIONS = NO;
				ENABLE_STRICT_OBJC_MSGSEND = YES;
				GCC_C_LANGUAGE_STANDARD = gnu99;
				GCC_NO_COMMON_BLOCKS = YES;
				GCC_WARN_64_TO_32_BIT_CONVERSION = YES;
				GCC_WARN_ABOUT_RETURN_TYPE = YES_ERROR;
				GCC_WARN_UNDECLARED_SELECTOR = YES;
				GCC_WARN_UNINITIALIZED_AUTOS = YES_AGGRESSIVE;
				GCC_WARN_UNUSED_FUNCTION = YES;
				GCC_WARN_UNUSED_VARIABLE = YES;
				IPHONEOS_DEPLOYMENT_TARGET = 9.0;
				MTL_ENABLE_DEBUG_INFO = NO;
				SDKROOT = iphoneos;
				VALIDATE_PRODUCT = YES;
			};
			name = Release;
		};
		F6B6F8721BB147060044E396 /* Debug */ = {
			isa = XCBuildConfiguration;
			buildSettings = {
				ASSETCATALOG_COMPILER_APPICON_NAME = AppIcon;
				INFOPLIST_FILE = log/Info.plist;
				LD_RUNPATH_SEARCH_PATHS = "$(inherited) @executable_path/Frameworks";
				PRODUCT_BUNDLE_IDENTIFIER = lee.log;
				PRODUCT_NAME = "$(TARGET_NAME)";
			};
			name = Debug;
		};
		F6B6F8731BB147060044E396 /* Release */ = {
			isa = XCBuildConfiguration;
			buildSettings = {
				ASSETCATALOG_COMPILER_APPICON_NAME = AppIcon;
				INFOPLIST_FILE = log/Info.plist;
				LD_RUNPATH_SEARCH_PATHS = "$(inherited) @executable_path/Frameworks";
				PRODUCT_BUNDLE_IDENTIFIER = lee.log;
				PRODUCT_NAME = "$(TARGET_NAME)";
			};
			name = Release;
		};
		F6B6F8751BB147060044E396 /* Debug */ = {
			isa = XCBuildConfiguration;
			buildSettings = {
				BUNDLE_LOADER = "$(TEST_HOST)";
				INFOPLIST_FILE = logTests/Info.plist;
				LD_RUNPATH_SEARCH_PATHS = "$(inherited) @executable_path/Frameworks @loader_path/Frameworks";
				PRODUCT_BUNDLE_IDENTIFIER = lee.logTests;
				PRODUCT_NAME = "$(TARGET_NAME)";
				TEST_HOST = "$(BUILT_PRODUCTS_DIR)/log.app/log";
			};
			name = Debug;
		};
		F6B6F8761BB147060044E396 /* Release */ = {
			isa = XCBuildConfiguration;
			buildSettings = {
				BUNDLE_LOADER = "$(TEST_HOST)";
				INFOPLIST_FILE = logTests/Info.plist;
				LD_RUNPATH_SEARCH_PATHS = "$(inherited) @executable_path/Frameworks @loader_path/Frameworks";
				PRODUCT_BUNDLE_IDENTIFIER = lee.logTests;
				PRODUCT_NAME = "$(TARGET_NAME)";
				TEST_HOST = "$(BUILT_PRODUCTS_DIR)/log.app/log";
			};
			name = Release;
		};
		F6B6F8781BB147060044E396 /* Debug */ = {
			isa = XCBuildConfiguration;
			buildSettings = {
				INFOPLIST_FILE = logUITests/Info.plist;
				LD_RUNPATH_SEARCH_PATHS = "$(inherited) @executable_path/Frameworks @loader_path/Frameworks";
				PRODUCT_BUNDLE_IDENTIFIER = lee.logUITests;
				PRODUCT_NAME = "$(TARGET_NAME)";
				TEST_TARGET_NAME = log;
				USES_XCTRUNNER = YES;
			};
			name = Debug;
		};
		F6B6F8791BB147060044E396 /* Release */ = {
			isa = XCBuildConfiguration;
			buildSettings = {
				INFOPLIST_FILE = logUITests/Info.plist;
				LD_RUNPATH_SEARCH_PATHS = "$(inherited) @executable_path/Frameworks @loader_path/Frameworks";
				PRODUCT_BUNDLE_IDENTIFIER = lee.logUITests;
				PRODUCT_NAME = "$(TARGET_NAME)";
				TEST_TARGET_NAME = log;
				USES_XCTRUNNER = YES;
			};
			name = Release;
		};
/* End XCBuildConfiguration section */

/* Begin XCConfigurationList section */
		F6B6F8441BB147050044E396 /* Build configuration list for PBXProject "log" */ = {
			isa = XCConfigurationList;
			buildConfigurations = (
				F6B6F86F1BB147060044E396 /* Debug */,
				F6B6F8701BB147060044E396 /* Release */,
			);
			defaultConfigurationIsVisible = 0;
			defaultConfigurationName = Release;
		};
		F6B6F8711BB147060044E396 /* Build configuration list for PBXNativeTarget "log" */ = {
			isa = XCConfigurationList;
			buildConfigurations = (
				F6B6F8721BB147060044E396 /* Debug */,
				F6B6F8731BB147060044E396 /* Release */,
			);
			defaultConfigurationIsVisible = 0;
		};
		F6B6F8741BB147060044E396 /* Build configuration list for PBXNativeTarget "logTests" */ = {
			isa = XCConfigurationList;
			buildConfigurations = (
				F6B6F8751BB147060044E396 /* Debug */,
				F6B6F8761BB147060044E396 /* Release */,
			);
			defaultConfigurationIsVisible = 0;
		};
		F6B6F8771BB147060044E396 /* Build configuration list for PBXNativeTarget "logUITests" */ = {
			isa = XCConfigurationList;
			buildConfigurations = (
				F6B6F8781BB147060044E396 /* Debug */,
				F6B6F8791BB147060044E396 /* Release */,
			);
			defaultConfigurationIsVisible = 0;
		};
/* End XCConfigurationList section */
	};
	rootObject = F6B6F8411BB147050044E396 /* Project object */;
}
